
Microsoft Visual Studio Solution File, Format Version 12.00
# Visual Studio Version 16
VisualStudioVersion = 16.0.29424.173
MinimumVisualStudioVersion = 10.0.40219.1
Project("{FAE04EC0-301F-11D3-BF4B-00C04F79EFBC}") = "Mandatory assignment ADO PC08 Filip Marcus Michael Sam", "Mandatory assignment ADO PC08 Filip Marcus Michael Sam\Mandatory assignment ADO PC08 Filip Marcus Michael Sam.csproj", "{AC245EDC-D441-4F7D-9E08-6777BC41447C}"
EndProject
Global
	GlobalSection(SolutionConfigurationPlatforms) = preSolution
		Debug|Any CPU = Debug|Any CPU
		Release|Any CPU = Release|Any CPU
	EndGlobalSection
	GlobalSection(ProjectConfigurationPlatforms) = postSolution
		{AC245EDC-D441-4F7D-9E08-6777BC41447C}.Debug|Any CPU.ActiveCfg = Debug|Any CPU
		{AC245EDC-D441-4F7D-9E08-6777BC41447C}.Debug|Any CPU.Build.0 = Debug|Any CPU
		{AC245EDC-D441-4F7D-9E08-6777BC41447C}.Release|Any CPU.ActiveCfg = Release|Any CPU
		{AC245EDC-D441-4F7D-9E08-6777BC41447C}.Release|Any CPU.Build.0 = Release|Any CPU
	EndGlobalSection
	GlobalSection(SolutionProperties) = preSolution
		HideSolutionNode = FALSE
	EndGlobalSection
	GlobalSection(ExtensibilityGlobals) = postSolution
		SolutionGuid = {C2CC845E-43F0-459F-994C-A304473DE487}
	EndGlobalSection
EndGlobal
